
Microsoft Visual Studio Solution File, Format Version 12.00
# Visual Studio Version 16
VisualStudioVersion = 16.0.29418.71
MinimumVisualStudioVersion = 10.0.40219.1
Project("{FAE04EC0-301F-11D3-BF4B-00C04F79EFBC}") = "quick-color-picker", "quick-color-picker\quick-color-picker.csproj", "{623FD142-66F0-417C-8833-43832B11CF49}"
EndProject
Project("{54435603-DBB4-11D2-8724-00A0C9A8B90C}") = "QuickColorPicker-Setup", "QuickColorPicker-Setup\QuickColorPicker-Setup.vdproj", "{8B699739-BFE6-4AEB-8C52-B99C68FEFD4C}"
EndProject
Global
	GlobalSection(SolutionConfigurationPlatforms) = preSolution
		Debug|Any CPU = Debug|Any CPU
		Release|Any CPU = Release|Any CPU
	EndGlobalSection
	GlobalSection(ProjectConfigurationPlatforms) = postSolution
		{623FD142-66F0-417C-8833-43832B11CF49}.Debug|Any CPU.ActiveCfg = Debug|Any CPU
		{623FD142-66F0-417C-8833-43832B11CF49}.Debug|Any CPU.Build.0 = Debug|Any CPU
		{623FD142-66F0-417C-8833-43832B11CF49}.Release|Any CPU.ActiveCfg = Release|Any CPU
		{623FD142-66F0-417C-8833-43832B11CF49}.Release|Any CPU.Build.0 = Release|Any CPU
		{8B699739-BFE6-4AEB-8C52-B99C68FEFD4C}.Debug|Any CPU.ActiveCfg = Debug
		{8B699739-BFE6-4AEB-8C52-B99C68FEFD4C}.Release|Any CPU.ActiveCfg = Release
	EndGlobalSection
	GlobalSection(SolutionProperties) = preSolution
		HideSolutionNode = FALSE
	EndGlobalSection
	GlobalSection(ExtensibilityGlobals) = postSolution
		SolutionGuid = {BB89604D-1E0B-405E-82D4-5EDA220A59CE}
	EndGlobalSection
EndGlobal
