
Microsoft Visual Studio Solution File, Format Version 12.00
# Visual Studio Version 16
VisualStudioVersion = 16.0.31105.61
MinimumVisualStudioVersion = 10.0.40219.1
Project("{FAE04EC0-301F-11D3-BF4B-00C04F79EFBC}") = "quick-color-picker", "quick-color-picker\quick-color-picker.csproj", "{BAF63D7F-E777-4B63-982F-E605FE36FF08}"
EndProject
Global
	GlobalSection(SolutionConfigurationPlatforms) = preSolution
		Debug|Any CPU = Debug|Any CPU
		Release|Any CPU = Release|Any CPU
	EndGlobalSection
	GlobalSection(ProjectConfigurationPlatforms) = postSolution
		{BAF63D7F-E777-4B63-982F-E605FE36FF08}.Debug|Any CPU.ActiveCfg = Debug|Any CPU
		{BAF63D7F-E777-4B63-982F-E605FE36FF08}.Debug|Any CPU.Build.0 = Debug|Any CPU
		{BAF63D7F-E777-4B63-982F-E605FE36FF08}.Release|Any CPU.ActiveCfg = Release|Any CPU
		{BAF63D7F-E777-4B63-982F-E605FE36FF08}.Release|Any CPU.Build.0 = Release|Any CPU
	EndGlobalSection
	GlobalSection(SolutionProperties) = preSolution
		HideSolutionNode = FALSE
	EndGlobalSection
	GlobalSection(ExtensibilityGlobals) = postSolution
		SolutionGuid = {BB47FD4B-71A6-4AF3-AF98-EB30181F8BD5}
	EndGlobalSection
EndGlobal
